{
  "nodes": {
    "composer2nixRepo": {
      "flake": false,
      "locked": {
        "lastModified": 1646178110,
        "narHash": "sha256-P3acfGwHYjjZQcviPiOT7T7qzzP/drc2mibzrsrNP18=",
        "owner": "svanderburg",
        "repo": "composer2nix",
        "rev": "299caca4aac42d7639a42eb4dde951c010f6e91c",
        "type": "github"
      },
      "original": {
        "owner": "svanderburg",
        "repo": "composer2nix",
        "type": "github"
      }
    },
    "flake-compat": {
      "flake": false,
      "locked": {
        "lastModified": 1767039857,
        "narHash": "sha256-vNpUSpF5Nuw8xvDLj2KCwwksIbjua2LZCqhV1LNRDns=",
        "owner": "edolstra",
        "repo": "flake-compat",
        "rev": "5edf11c44bc78a0d334f6334cdaf7d60d732daab",
        "type": "github"
      },
      "original": {
        "owner": "edolstra",
        "repo": "flake-compat",
        "type": "github"
      }
    },
    "nixpkgs": {
      "locked": {
        "lastModified": 1787964612,
        "narHash": "sha256-0N9nghg3nwzX6b6qc77EzjR9cu/Z+UR66FlfsCqiURs=",
        "owner": "NixOS",
        "repo": "nixpkgs",
        "rev": "e8be7818e19ada32105a8af937a6a473b38167ca",
        "type": "github"
      },
      "original": {
        "owner": "NixOS",
        "ref": "nixpkgs-unstable",
        "repo": "nixpkgs",
        "type": "github"
      }
    },
    "root": {
      "inputs": {
        "composer2nixRepo": "composer2nixRepo",
        "flake-compat": "flake-compat",
        "nixpkgs": "nixpkgs"
      }
    }
  },
  "root": "root",
  "version": 7
}
