{
  "nodes": {
    "composer2nixRepo": {
      "flake": false,
      "locked": {
        "lastModified": 1585763702,
        "narHash": "sha256-7g07bWpKFSorPbX/E0O0WIprV7m0MJgbuEHrQWwcHWA=",
        "owner": "svanderburg",
        "repo": "composer2nix",
        "rev": "57cecaf5d9d667b47415bb7c1d1f5154be7c759e",
        "type": "github"
      },
      "original": {
        "owner": "svanderburg",
        "repo": "composer2nix",
        "type": "github"
      }
    },
    "flake-compat": {
      "flake": false,
      "locked": {
        "lastModified": 1597999674,
        "narHash": "sha256-Xaj6ijZsfBh7jcp19LuMKieJp9lu4V+/cJUwChyGy24=",
        "owner": "edolstra",
        "repo": "flake-compat",
        "rev": "c5c3c5b56b0afad0cb79b9a6f958a4a513b46721",
        "type": "github"
      },
      "original": {
        "owner": "edolstra",
        "repo": "flake-compat",
        "type": "github"
      }
    },
    "nixpkgs": {
      "locked": {
        "lastModified": 1598909315,
        "narHash": "sha256-fristJLaddueXvgapKGRzZnRMM0hDQwIVpCPUD6OJYY=",
        "owner": "NixOS",
        "repo": "nixpkgs",
        "rev": "707bed528c3c8df388175656d441b672fac68942",
        "type": "github"
      },
      "original": {
        "owner": "NixOS",
        "ref": "nixpkgs-unstable",
        "repo": "nixpkgs",
        "type": "github"
      }
    },
    "root": {
      "inputs": {
        "composer2nixRepo": "composer2nixRepo",
        "flake-compat": "flake-compat",
        "nixpkgs": "nixpkgs",
        "utils": "utils"
      }
    },
    "utils": {
      "locked": {
        "lastModified": 1598466101,
        "narHash": "sha256-JPhv+Ay98KMWRVRFlLEK9+eLpvNjhTBGWdFKZsE97ck=",
        "owner": "numtide",
        "repo": "flake-utils",
        "rev": "a586a6b966d59f53f45a04f8891fbc017dc09dbe",
        "type": "github"
      },
      "original": {
        "owner": "numtide",
        "repo": "flake-utils",
        "type": "github"
      }
    }
  },
  "root": "root",
  "version": 7
}
