{
    "_readme": [
        "This file locks the dependencies of your project to a known state",
        "Read more about it at https://getcomposer.org/doc/01-basic-usage.md#installing-dependencies",
        "This file is @generated automatically"
    ],
    "content-hash": "e9d16dc6c5f062e36fa5c6e23b1338a3",
    "packages": [
        {
            "name": "latte/latte",
            "version": "v3.0.25",
            "source": {
                "type": "git",
                "url": "https://github.com/nette/latte.git",
                "reference": "bab49c360354f5e7e57c07ec1b1c9b2870a9bda4"
            },
            "dist": {
                "type": "zip",
                "url": "https://api.github.com/repos/nette/latte/zipball/bab49c360354f5e7e57c07ec1b1c9b2870a9bda4",
                "reference": "bab49c360354f5e7e57c07ec1b1c9b2870a9bda4",
                "shasum": ""
            },
            "require": {
                "ext-json": "*",
                "ext-tokenizer": "*",
                "php": "8.0 - 8.5"
            },
            "conflict": {
                "nette/application": "<3.1.7",
                "nette/caching": "<3.1.4"
            },
            "require-dev": {
                "nette/php-generator": "^4.0",
                "nette/tester": "^2.5",
                "nette/utils": "^4.0",
                "phpstan/phpstan-nette": "^2.0@stable",
                "tracy/tracy": "^2.10"
            },
            "suggest": {
                "ext-fileinfo": "to use filter |datastream",
                "ext-iconv": "to use filters |reverse, |substring",
                "ext-intl": "to use Latte\\Engine::setLocale()",
                "ext-mbstring": "to use filters like lower, upper, capitalize, ...",
                "nette/php-generator": "to use tag {templatePrint}",
                "nette/utils": "to use filter |webalize"
            },
            "bin": [
                "bin/latte-lint"
            ],
            "type": "library",
            "extra": {
                "branch-alias": {
                    "dev-master": "3.0-dev"
                }
            },
            "autoload": {
                "psr-4": {
                    "Latte\\": "src/Latte"
                },
                "classmap": [
                    "src/"
                ]
            },
            "notification-url": "https://packagist.org/downloads/",
            "license": [
                "BSD-3-Clause",
                "GPL-2.0-only",
                "GPL-3.0-only"
            ],
            "authors": [
                {
                    "name": "David Grudl",
                    "homepage": "https://davidgrudl.com"
                },
                {
                    "name": "Nette Community",
                    "homepage": "https://nette.org/contributors"
                }
            ],
            "description": "☕ Latte: the intuitive and fast template engine for those who want the most secure PHP sites. Introduces context-sensitive escaping.",
            "homepage": "https://latte.nette.org",
            "keywords": [
                "context-sensitive",
                "engine",
                "escaping",
                "html",
                "nette",
                "security",
                "template",
                "twig"
            ],
            "support": {
                "issues": "https://github.com/nette/latte/issues",
                "source": "https://github.com/nette/latte/tree/v3.0.25"
            },
            "time": "2025-11-26T23:25:45+00:00"
        },
        {
            "name": "nette/application",
            "version": "v3.1.15",
            "source": {
                "type": "git",
                "url": "https://github.com/nette/application.git",
                "reference": "f50364147ca80d9fbcf4d6571cf216ced874d4f9"
            },
            "dist": {
                "type": "zip",
                "url": "https://api.github.com/repos/nette/application/zipball/f50364147ca80d9fbcf4d6571cf216ced874d4f9",
                "reference": "f50364147ca80d9fbcf4d6571cf216ced874d4f9",
                "shasum": ""
            },
            "require": {
                "nette/component-model": "^3.0",
                "nette/http": "^3.0.2",
                "nette/routing": "^3.0.5",
                "nette/utils": "^3.2.1 || ~4.0.0",
                "php": ">=7.2"
            },
            "conflict": {
                "latte/latte": "<2.7.1 || >=3.0.0 <3.0.12 || >=3.1",
                "nette/caching": "<3.1",
                "nette/di": "<3.0.7",
                "nette/forms": "<3.0",
                "nette/schema": "<1.2",
                "tracy/tracy": "<2.5"
            },
            "require-dev": {
                "jetbrains/phpstorm-attributes": "dev-master",
                "latte/latte": "^2.10.2 || ^3.0.12",
                "mockery/mockery": "^1.0 || ^2.0",
                "nette/di": "^v3.0",
                "nette/forms": "^3.0",
                "nette/robot-loader": "^3.2 || ^4.0",
                "nette/security": "^3.0",
                "nette/tester": "^2.3.1",
                "phpstan/phpstan-nette": "^0.12",
                "tracy/tracy": "^2.6"
            },
            "suggest": {
                "latte/latte": "Allows using Latte in templates",
                "nette/forms": "Allows to use Nette\\Application\\UI\\Form"
            },
            "type": "library",
            "extra": {
                "branch-alias": {
                    "dev-master": "3.1-dev"
                }
            },
            "autoload": {
                "classmap": [
                    "src/"
                ]
            },
            "notification-url": "https://packagist.org/downloads/",
            "license": [
                "BSD-3-Clause",
                "GPL-2.0-only",
                "GPL-3.0-only"
            ],
            "authors": [
                {
                    "name": "David Grudl",
                    "homepage": "https://davidgrudl.com"
                },
                {
                    "name": "Nette Community",
                    "homepage": "https://nette.org/contributors"
                }
            ],
            "description": "🏆 Nette Application: a full-stack component-based MVC kernel for PHP that helps you write powerful and modern web applications. Write less, have cleaner code and your work will bring you joy.",
            "homepage": "https://nette.org",
            "keywords": [
                "Forms",
                "component-based",
                "control",
                "framework",
                "mvc",
                "mvp",
                "nette",
                "presenter",
                "routing",
                "seo"
            ],
            "support": {
                "issues": "https://github.com/nette/application/issues",
                "source": "https://github.com/nette/application/tree/v3.1.15"
            },
            "time": "2024-05-12T20:50:30+00:00"
        },
        {
            "name": "nette/caching",
            "version": "v3.2.3",
            "source": {
                "type": "git",
                "url": "https://github.com/nette/caching.git",
                "reference": "6821d74c1db82c493c02c47f6485022d79b63176"
            },
            "dist": {
                "type": "zip",
                "url": "https://api.github.com/repos/nette/caching/zipball/6821d74c1db82c493c02c47f6485022d79b63176",
                "reference": "6821d74c1db82c493c02c47f6485022d79b63176",
                "shasum": ""
            },
            "require": {
                "nette/finder": "^2.4 || ^3.0",
                "nette/utils": "^3.2 || ~4.0.0",
                "php": "8.0 - 8.3"
            },
            "require-dev": {
                "latte/latte": "^2.11 || ^3.0",
                "nette/di": "^3.1 || ^4.0",
                "nette/tester": "^2.4",
                "phpstan/phpstan": "^1.0",
                "tracy/tracy": "^2.9"
            },
            "suggest": {
                "ext-pdo_sqlite": "to use SQLiteStorage or SQLiteJournal"
            },
            "type": "library",
            "extra": {
                "branch-alias": {
                    "dev-master": "3.2-dev"
                }
            },
            "autoload": {
                "classmap": [
                    "src/"
                ]
            },
            "notification-url": "https://packagist.org/downloads/",
            "license": [
                "BSD-3-Clause",
                "GPL-2.0-only",
                "GPL-3.0-only"
            ],
            "authors": [
                {
                    "name": "David Grudl",
                    "homepage": "https://davidgrudl.com"
                },
                {
                    "name": "Nette Community",
                    "homepage": "https://nette.org/contributors"
                }
            ],
            "description": "⏱ Nette Caching: library with easy-to-use API and many cache backends.",
            "homepage": "https://nette.org",
            "keywords": [
                "cache",
                "journal",
                "memcached",
                "nette",
                "sqlite"
            ],
            "support": {
                "issues": "https://github.com/nette/caching/issues",
                "source": "https://github.com/nette/caching/tree/v3.2.3"
            },
            "time": "2023-09-26T11:12:20+00:00"
        },
        {
            "name": "nette/code-checker",
            "version": "v3.3.0",
            "source": {
                "type": "git",
                "url": "https://github.com/nette/code-checker.git",
                "reference": "ab56f7579bace93c194e163d9c7ce7183cb61391"
            },
            "dist": {
                "type": "zip",
                "url": "https://api.github.com/repos/nette/code-checker/zipball/ab56f7579bace93c194e163d9c7ce7183cb61391",
                "reference": "ab56f7579bace93c194e163d9c7ce7183cb61391",
                "shasum": ""
            },
            "require": {
                "latte/latte": "^3.0.1",
                "nette/application": "^3.1",
                "nette/caching": "^3.1",
                "nette/command-line": "^1.5",
                "nette/finder": "^2.5",
                "nette/forms": "^3.0",
                "nette/neon": "^3.0",
                "nette/utils": "^3.0",
                "php": ">= 8.0"
            },
            "require-dev": {
                "nette/tester": "^2.0",
                "phpstan/phpstan": "^0.12",
                "tracy/tracy": "^2.6"
            },
            "bin": [
                "code-checker"
            ],
            "type": "project",
            "extra": {
                "branch-alias": {
                    "dev-master": "3.3-dev"
                }
            },
            "autoload": {
                "classmap": [
                    "src/"
                ]
            },
            "notification-url": "https://packagist.org/downloads/",
            "license": [
                "BSD-3-Clause",
                "GPL-2.0-only",
                "GPL-3.0-only"
            ],
            "authors": [
                {
                    "name": "David Grudl",
                    "homepage": "https://davidgrudl.com"
                }
            ],
            "description": "✅ Nette CodeChecker: A simple tool to check source code against a set of Nette coding standards.",
            "keywords": [
                "analyse",
                "code",
                "nette"
            ],
            "support": {
                "issues": "https://github.com/nette/code-checker/issues",
                "source": "https://github.com/nette/code-checker/tree/v3.3.0"
            },
            "time": "2022-06-01T12:38:25+00:00"
        },
        {
            "name": "nette/command-line",
            "version": "v1.8.3",
            "source": {
                "type": "git",
                "url": "https://github.com/nette/command-line.git",
                "reference": "4c67c727866f01983853cbb6dfca8666789f104c"
            },
            "dist": {
                "type": "zip",
                "url": "https://api.github.com/repos/nette/command-line/zipball/4c67c727866f01983853cbb6dfca8666789f104c",
                "reference": "4c67c727866f01983853cbb6dfca8666789f104c",
                "shasum": ""
            },
            "require": {
                "php": "8.0 - 8.5"
            },
            "require-dev": {
                "nette/tester": "^2.5",
                "phpstan/phpstan-nette": "^2.0@stable",
                "tracy/tracy": "^2.9"
            },
            "type": "library",
            "extra": {
                "branch-alias": {
                    "dev-master": "1.8-dev"
                }
            },
            "autoload": {
                "psr-4": {
                    "Nette\\": "src"
                },
                "classmap": [
                    "src/"
                ]
            },
            "notification-url": "https://packagist.org/downloads/",
            "license": [
                "BSD-3-Clause",
                "GPL-2.0-only",
                "GPL-3.0-only"
            ],
            "authors": [
                {
                    "name": "David Grudl",
                    "homepage": "https://davidgrudl.com"
                },
                {
                    "name": "Nette Community",
                    "homepage": "https://nette.org/contributors"
                }
            ],
            "description": "Nette Command Line: options and arguments parser.",
            "homepage": "https://nette.org",
            "keywords": [
                "cmd",
                "cmd-line",
                "nette"
            ],
            "support": {
                "issues": "https://github.com/nette/command-line/issues",
                "source": "https://github.com/nette/command-line/tree/v1.8.3"
            },
            "time": "2025-10-31T00:46:44+00:00"
        },
        {
            "name": "nette/component-model",
            "version": "v3.0.3",
            "source": {
                "type": "git",
                "url": "https://github.com/nette/component-model.git",
                "reference": "9d97c0e1916bbf8e306283ab187834501fd4b1f5"
            },
            "dist": {
                "type": "zip",
                "url": "https://api.github.com/repos/nette/component-model/zipball/9d97c0e1916bbf8e306283ab187834501fd4b1f5",
                "reference": "9d97c0e1916bbf8e306283ab187834501fd4b1f5",
                "shasum": ""
            },
            "require": {
                "nette/utils": "^2.5 || ^3.0 || ~4.0.0",
                "php": ">=7.1"
            },
            "require-dev": {
                "nette/tester": "^2.0",
                "phpstan/phpstan": "^0.12",
                "tracy/tracy": "^2.3"
            },
            "type": "library",
            "extra": {
                "branch-alias": {
                    "dev-master": "3.0-dev"
                }
            },
            "autoload": {
                "classmap": [
                    "src/"
                ]
            },
            "notification-url": "https://packagist.org/downloads/",
            "license": [
                "BSD-3-Clause",
                "GPL-2.0-only",
                "GPL-3.0-only"
            ],
            "authors": [
                {
                    "name": "David Grudl",
                    "homepage": "https://davidgrudl.com"
                },
                {
                    "name": "Nette Community",
                    "homepage": "https://nette.org/contributors"
                }
            ],
            "description": "⚛ Nette Component Model",
            "homepage": "https://nette.org",
            "keywords": [
                "components",
                "nette"
            ],
            "support": {
                "issues": "https://github.com/nette/component-model/issues",
                "source": "https://github.com/nette/component-model/tree/v3.0.3"
            },
            "time": "2023-01-09T20:16:05+00:00"
        },
        {
            "name": "nette/finder",
            "version": "v2.6.0",
            "source": {
                "type": "git",
                "url": "https://github.com/nette/finder.git",
                "reference": "991aefb42860abeab8e003970c3809a9d83cb932"
            },
            "dist": {
                "type": "zip",
                "url": "https://api.github.com/repos/nette/finder/zipball/991aefb42860abeab8e003970c3809a9d83cb932",
                "reference": "991aefb42860abeab8e003970c3809a9d83cb932",
                "shasum": ""
            },
            "require": {
                "nette/utils": "^2.4 || ^3.0",
                "php": ">=7.1"
            },
            "conflict": {
                "nette/nette": "<2.2"
            },
            "require-dev": {
                "nette/tester": "^2.0",
                "phpstan/phpstan": "^0.12",
                "tracy/tracy": "^2.3"
            },
            "type": "library",
            "extra": {
                "branch-alias": {
                    "dev-master": "2.6-dev"
                }
            },
            "autoload": {
                "classmap": [
                    "src/"
                ]
            },
            "notification-url": "https://packagist.org/downloads/",
            "license": [
                "BSD-3-Clause",
                "GPL-2.0-only",
                "GPL-3.0-only"
            ],
            "authors": [
                {
                    "name": "David Grudl",
                    "homepage": "https://davidgrudl.com"
                },
                {
                    "name": "Nette Community",
                    "homepage": "https://nette.org/contributors"
                }
            ],
            "description": "🔍 Nette Finder: find files and directories with an intuitive API.",
            "homepage": "https://nette.org",
            "keywords": [
                "filesystem",
                "glob",
                "iterator",
                "nette"
            ],
            "support": {
                "issues": "https://github.com/nette/finder/issues",
                "source": "https://github.com/nette/finder/tree/v2.6.0"
            },
            "time": "2022-10-13T01:31:15+00:00"
        },
        {
            "name": "nette/forms",
            "version": "v3.1.15",
            "source": {
                "type": "git",
                "url": "https://github.com/nette/forms.git",
                "reference": "f373bcd5ea7a33672fa96035d4bf3110ab66ee44"
            },
            "dist": {
                "type": "zip",
                "url": "https://api.github.com/repos/nette/forms/zipball/f373bcd5ea7a33672fa96035d4bf3110ab66ee44",
                "reference": "f373bcd5ea7a33672fa96035d4bf3110ab66ee44",
                "shasum": ""
            },
            "require": {
                "nette/component-model": "^3.0",
                "nette/http": "^3.1",
                "nette/utils": "^3.2.5 || ~4.0.0",
                "php": "7.2 - 8.3"
            },
            "conflict": {
                "latte/latte": ">=3.0.0 <3.0.12 || >=3.1"
            },
            "require-dev": {
                "latte/latte": "^2.10.2 || ^3.0.12",
                "nette/application": "^3.0",
                "nette/di": "^3.0",
                "nette/tester": "^2.4",
                "phpstan/phpstan-nette": "^1",
                "tracy/tracy": "^2.9"
            },
            "suggest": {
                "ext-intl": "to use date/time controls"
            },
            "type": "library",
            "extra": {
                "branch-alias": {
                    "dev-master": "3.1-dev"
                }
            },
            "autoload": {
                "classmap": [
                    "src/"
                ]
            },
            "notification-url": "https://packagist.org/downloads/",
            "license": [
                "BSD-3-Clause",
                "GPL-2.0-only",
                "GPL-3.0-only"
            ],
            "authors": [
                {
                    "name": "David Grudl",
                    "homepage": "https://davidgrudl.com"
                },
                {
                    "name": "Nette Community",
                    "homepage": "https://nette.org/contributors"
                }
            ],
            "description": "📝 Nette Forms: generating, validating and processing secure forms in PHP. Handy API, fully customizable, server & client side validation and mature design.",
            "homepage": "https://nette.org",
            "keywords": [
                "Forms",
                "bootstrap",
                "csrf",
                "javascript",
                "nette",
                "validation"
            ],
            "support": {
                "issues": "https://github.com/nette/forms/issues",
                "source": "https://github.com/nette/forms/tree/v3.1.15"
            },
            "time": "2024-01-21T22:22:16+00:00"
        },
        {
            "name": "nette/http",
            "version": "v3.2.4",
            "source": {
                "type": "git",
                "url": "https://github.com/nette/http.git",
                "reference": "d7cc833ee186d5139cde5aab43b39ee7aedd6f22"
            },
            "dist": {
                "type": "zip",
                "url": "https://api.github.com/repos/nette/http/zipball/d7cc833ee186d5139cde5aab43b39ee7aedd6f22",
                "reference": "d7cc833ee186d5139cde5aab43b39ee7aedd6f22",
                "shasum": ""
            },
            "require": {
                "nette/utils": "^3.2.1 || ~4.0.0",
                "php": "7.2 - 8.3"
            },
            "conflict": {
                "nette/di": "<3.0.3",
                "nette/schema": "<1.2"
            },
            "require-dev": {
                "nette/di": "^3.0",
                "nette/security": "^3.0",
                "nette/tester": "^2.4",
                "phpstan/phpstan": "^1.0",
                "tracy/tracy": "^2.8"
            },
            "suggest": {
                "ext-fileinfo": "to detect MIME type of uploaded files by Nette\\Http\\FileUpload",
                "ext-gd": "to use image function in Nette\\Http\\FileUpload",
                "ext-intl": "to support punycode by Nette\\Http\\Url",
                "ext-session": "to use Nette\\Http\\Session"
            },
            "type": "library",
            "extra": {
                "branch-alias": {
                    "dev-master": "3.2-dev"
                }
            },
            "autoload": {
                "classmap": [
                    "src/"
                ]
            },
            "notification-url": "https://packagist.org/downloads/",
            "license": [
                "BSD-3-Clause",
                "GPL-2.0-only",
                "GPL-3.0-only"
            ],
            "authors": [
                {
                    "name": "David Grudl",
                    "homepage": "https://davidgrudl.com"
                },
                {
                    "name": "Nette Community",
                    "homepage": "https://nette.org/contributors"
                }
            ],
            "description": "🌐 Nette Http: abstraction for HTTP request, response and session. Provides careful data sanitization and utility for URL and cookies manipulation.",
            "homepage": "https://nette.org",
            "keywords": [
                "cookies",
                "http",
                "nette",
                "proxy",
                "request",
                "response",
                "security",
                "session",
                "url"
            ],
            "support": {
                "issues": "https://github.com/nette/http/issues",
                "source": "https://github.com/nette/http/tree/v3.2.4"
            },
            "time": "2024-01-30T18:13:43+00:00"
        },
        {
            "name": "nette/neon",
            "version": "v3.4.6",
            "source": {
                "type": "git",
                "url": "https://github.com/nette/neon.git",
                "reference": "36e3f4f89fd8a7b89ada74c7a678baa9f7cc7719"
            },
            "dist": {
                "type": "zip",
                "url": "https://api.github.com/repos/nette/neon/zipball/36e3f4f89fd8a7b89ada74c7a678baa9f7cc7719",
                "reference": "36e3f4f89fd8a7b89ada74c7a678baa9f7cc7719",
                "shasum": ""
            },
            "require": {
                "ext-json": "*",
                "php": "8.0 - 8.5"
            },
            "require-dev": {
                "nette/tester": "^2.4",
                "phpstan/phpstan-nette": "^2.0@stable",
                "tracy/tracy": "^2.7"
            },
            "bin": [
                "bin/neon-lint"
            ],
            "type": "library",
            "extra": {
                "branch-alias": {
                    "dev-master": "3.4-dev"
                }
            },
            "autoload": {
                "psr-4": {
                    "Nette\\": "src"
                },
                "classmap": [
                    "src/"
                ]
            },
            "notification-url": "https://packagist.org/downloads/",
            "license": [
                "BSD-3-Clause",
                "GPL-2.0-only",
                "GPL-3.0-only"
            ],
            "authors": [
                {
                    "name": "David Grudl",
                    "homepage": "https://davidgrudl.com"
                },
                {
                    "name": "Nette Community",
                    "homepage": "https://nette.org/contributors"
                }
            ],
            "description": "🍸 Nette NEON: encodes and decodes NEON file format.",
            "homepage": "https://neon.nette.org",
            "keywords": [
                "export",
                "import",
                "neon",
                "nette",
                "yaml"
            ],
            "support": {
                "issues": "https://github.com/nette/neon/issues",
                "source": "https://github.com/nette/neon/tree/v3.4.6"
            },
            "time": "2025-11-25T13:12:06+00:00"
        },
        {
            "name": "nette/routing",
            "version": "v3.0.5",
            "source": {
                "type": "git",
                "url": "https://github.com/nette/routing.git",
                "reference": "ff709ff9ed38a14c4fe3472534526593a8461ff5"
            },
            "dist": {
                "type": "zip",
                "url": "https://api.github.com/repos/nette/routing/zipball/ff709ff9ed38a14c4fe3472534526593a8461ff5",
                "reference": "ff709ff9ed38a14c4fe3472534526593a8461ff5",
                "shasum": ""
            },
            "require": {
                "nette/http": "^3.0 || ~4.0.0",
                "nette/utils": "^3.0 || ~4.0.0",
                "php": ">=7.1"
            },
            "require-dev": {
                "nette/tester": "^2.0",
                "phpstan/phpstan": "^1",
                "tracy/tracy": "^2.3"
            },
            "type": "library",
            "extra": {
                "branch-alias": {
                    "dev-master": "3.0-dev"
                }
            },
            "autoload": {
                "classmap": [
                    "src/"
                ]
            },
            "notification-url": "https://packagist.org/downloads/",
            "license": [
                "BSD-3-Clause",
                "GPL-2.0-only",
                "GPL-3.0-only"
            ],
            "authors": [
                {
                    "name": "David Grudl",
                    "homepage": "https://davidgrudl.com"
                },
                {
                    "name": "Nette Community",
                    "homepage": "https://nette.org/contributors"
                }
            ],
            "description": "Nette Routing: two-ways URL conversion",
            "homepage": "https://nette.org",
            "keywords": [
                "nette"
            ],
            "support": {
                "issues": "https://github.com/nette/routing/issues",
                "source": "https://github.com/nette/routing/tree/v3.0.5"
            },
            "time": "2023-10-08T21:37:46+00:00"
        },
        {
            "name": "nette/utils",
            "version": "v3.2.10",
            "source": {
                "type": "git",
                "url": "https://github.com/nette/utils.git",
                "reference": "a4175c62652f2300c8017fb7e640f9ccb11648d2"
            },
            "dist": {
                "type": "zip",
                "url": "https://api.github.com/repos/nette/utils/zipball/a4175c62652f2300c8017fb7e640f9ccb11648d2",
                "reference": "a4175c62652f2300c8017fb7e640f9ccb11648d2",
                "shasum": ""
            },
            "require": {
                "php": ">=7.2 <8.4"
            },
            "conflict": {
                "nette/di": "<3.0.6"
            },
            "require-dev": {
                "jetbrains/phpstorm-attributes": "dev-master",
                "nette/tester": "~2.0",
                "phpstan/phpstan": "^1.0",
                "tracy/tracy": "^2.3"
            },
            "suggest": {
                "ext-gd": "to use Image",
                "ext-iconv": "to use Strings::webalize(), toAscii(), chr() and reverse()",
                "ext-intl": "to use Strings::webalize(), toAscii(), normalize() and compare()",
                "ext-json": "to use Nette\\Utils\\Json",
                "ext-mbstring": "to use Strings::lower() etc...",
                "ext-tokenizer": "to use Nette\\Utils\\Reflection::getUseStatements()",
                "ext-xml": "to use Strings::length() etc. when mbstring is not available"
            },
            "type": "library",
            "extra": {
                "branch-alias": {
                    "dev-master": "3.2-dev"
                }
            },
            "autoload": {
                "classmap": [
                    "src/"
                ]
            },
            "notification-url": "https://packagist.org/downloads/",
            "license": [
                "BSD-3-Clause",
                "GPL-2.0-only",
                "GPL-3.0-only"
            ],
            "authors": [
                {
                    "name": "David Grudl",
                    "homepage": "https://davidgrudl.com"
                },
                {
                    "name": "Nette Community",
                    "homepage": "https://nette.org/contributors"
                }
            ],
            "description": "🛠  Nette Utils: lightweight utilities for string & array manipulation, image handling, safe JSON encoding/decoding, validation, slug or strong password generating etc.",
            "homepage": "https://nette.org",
            "keywords": [
                "array",
                "core",
                "datetime",
                "images",
                "json",
                "nette",
                "paginator",
                "password",
                "slugify",
                "string",
                "unicode",
                "utf-8",
                "utility",
                "validation"
            ],
            "support": {
                "issues": "https://github.com/nette/utils/issues",
                "source": "https://github.com/nette/utils/tree/v3.2.10"
            },
            "time": "2023-07-30T15:38:18+00:00"
        }
    ],
    "packages-dev": [],
    "aliases": [],
    "minimum-stability": "stable",
    "stability-flags": {},
    "prefer-stable": false,
    "prefer-lowest": false,
    "platform": {},
    "platform-dev": {},
    "plugin-api-version": "2.6.0"
}
